
Microsoft Visual Studio Solution File, Format Version 12.00
# Visual Studio Version 16
VisualStudioVersion = 16.0.32510.428
MinimumVisualStudioVersion = 10.0.40219.1
Project("{9A19103F-16F7-4668-BE54-9A1E7A4F7556}") = "OdinLog", "OdinLog\OdinLog.csproj", "{1538F9D0-FFD7-4ECF-BDE7-84BACBC0A06A}"
EndProject
Project("{9A19103F-16F7-4668-BE54-9A1E7A4F7556}") = "OdinLog.Test", "OdinLog.Test\OdinLog.Test.csproj", "{127910CC-FB10-419D-85CE-EF8DDFA46CCB}"
EndProject
Project("{FAE04EC0-301F-11D3-BF4B-00C04F79EFBC}") = "OdinLog.WebTest", "OdinLog.WebTest\OdinLog.WebTest.csproj", "{37EF61C2-EA69-48F1-8A73-2BE618028953}"
EndProject
Global
	GlobalSection(SolutionConfigurationPlatforms) = preSolution
		Debug|Any CPU = Debug|Any CPU
		Release|Any CPU = Release|Any CPU
	EndGlobalSection
	GlobalSection(ProjectConfigurationPlatforms) = postSolution
		{1538F9D0-FFD7-4ECF-BDE7-84BACBC0A06A}.Debug|Any CPU.ActiveCfg = Debug|Any CPU
		{1538F9D0-FFD7-4ECF-BDE7-84BACBC0A06A}.Debug|Any CPU.Build.0 = Debug|Any CPU
		{1538F9D0-FFD7-4ECF-BDE7-84BACBC0A06A}.Release|Any CPU.ActiveCfg = Release|Any CPU
		{1538F9D0-FFD7-4ECF-BDE7-84BACBC0A06A}.Release|Any CPU.Build.0 = Release|Any CPU
		{127910CC-FB10-419D-85CE-EF8DDFA46CCB}.Debug|Any CPU.ActiveCfg = Debug|Any CPU
		{127910CC-FB10-419D-85CE-EF8DDFA46CCB}.Debug|Any CPU.Build.0 = Debug|Any CPU
		{127910CC-FB10-419D-85CE-EF8DDFA46CCB}.Release|Any CPU.ActiveCfg = Release|Any CPU
		{127910CC-FB10-419D-85CE-EF8DDFA46CCB}.Release|Any CPU.Build.0 = Release|Any CPU
		{37EF61C2-EA69-48F1-8A73-2BE618028953}.Debug|Any CPU.ActiveCfg = Debug|Any CPU
		{37EF61C2-EA69-48F1-8A73-2BE618028953}.Debug|Any CPU.Build.0 = Debug|Any CPU
		{37EF61C2-EA69-48F1-8A73-2BE618028953}.Release|Any CPU.ActiveCfg = Release|Any CPU
		{37EF61C2-EA69-48F1-8A73-2BE618028953}.Release|Any CPU.Build.0 = Release|Any CPU
	EndGlobalSection
	GlobalSection(SolutionProperties) = preSolution
		HideSolutionNode = FALSE
	EndGlobalSection
	GlobalSection(ExtensibilityGlobals) = postSolution
		SolutionGuid = {E2FCB540-DBD3-4640-8F61-0A2A20602E86}
	EndGlobalSection
EndGlobal
